
Microsoft Visual Studio Solution File, Format Version 12.00
# Visual Studio Version 16
VisualStudioVersion = 16.0.28803.916
MinimumVisualStudioVersion = 10.0.40219.1
Project("{FAE04EC0-301F-11D3-BF4B-00C04F79EFBC}") = "WindowsFormsApp1", "WindowsFormsApp1\WindowsFormsApp1.csproj", "{DC2F90A8-FA14-415F-BE73-CD8BD7AD4EE7}"
EndProject
Global
	GlobalSection(SolutionConfigurationPlatforms) = preSolution
		Debug|Any CPU = Debug|Any CPU
		Release|Any CPU = Release|Any CPU
	EndGlobalSection
	GlobalSection(ProjectConfigurationPlatforms) = postSolution
		{DC2F90A8-FA14-415F-BE73-CD8BD7AD4EE7}.Debug|Any CPU.ActiveCfg = Debug|Any CPU
		{DC2F90A8-FA14-415F-BE73-CD8BD7AD4EE7}.Debug|Any CPU.Build.0 = Debug|Any CPU
		{DC2F90A8-FA14-415F-BE73-CD8BD7AD4EE7}.Release|Any CPU.ActiveCfg = Release|Any CPU
		{DC2F90A8-FA14-415F-BE73-CD8BD7AD4EE7}.Release|Any CPU.Build.0 = Release|Any CPU
	EndGlobalSection
	GlobalSection(SolutionProperties) = preSolution
		HideSolutionNode = FALSE
	EndGlobalSection
	GlobalSection(ExtensibilityGlobals) = postSolution
		SolutionGuid = {0E199C05-3E97-4822-812A-F27D8B0F8A40}
	EndGlobalSection
EndGlobal
